[[package]]
name = "diff-pdf-visually"
version = "1.7.0"
description = ""
category = "main"
optional = false
python-versions = "*"

[metadata]
lock-version = "1.1"
python-versions = "^3.11"
content-hash = "ed74e74a80b5c9d4db1dc7f85aa3271527fb20767ee15fe1c1fa638b4f3af0e0"

[metadata.files]
diff-pdf-visually = [
    {file = "diff-pdf-visually-1.7.0.tar.gz", hash = "sha256:05c736178d95eaaa3f26028efa0a484a330f1bb4ae9a0f9dac6a1f4122e89f60"},
    {file = "diff_pdf_visually-1.7.0-py3-none-any.whl", hash = "sha256:efa4c863379e46d79976830ce31b9a01dcbcbe781115264050c6f4e2976e59be"},
]
